// !$*UTF8*$!
{
	archiveVersion = 1;
	classes = {
	};
	objectVersion = 77;
	objects = {

/* Begin PBXBuildFile section */
		07A8A5A82F2CE9A20069014B /* ContentView.swift in Sources */ = {isa = PBXBuildFile; fileRef = 07A8A5A52F2CE9A20069014B /* ContentView.swift */; };
		07A8A5A92F2CE9A20069014B /* SwiftyWordsApp.swift in Sources */ = {isa = PBXBuildFile; fileRef = 07A8A5A62F2CE9A20069014B /* SwiftyWordsApp.swift */; };
		07A8A5AA2F2CE9A20069014B /* Assets.xcassets in Resources */ = {isa = PBXBuildFile; fileRef = 07A8A5A42F2CE9A20069014B /* Assets.xcassets */; };
		07A8A5C22F2CE9A80069014B /* Bundle-Decodable.swift in Sources */ = {isa = PBXBuildFile; fileRef = 07A8A5AB2F2CE9A80069014B /* Bundle-Decodable.swift */; };
		07A8A5C32F2CE9A80069014B /* Plants.json in Resources */ = {isa = PBXBuildFile; fileRef = 07A8A5B82F2CE9A80069014B /* Plants.json */; };
		07A8A5C42F2CE9A80069014B /* Hobbies.json in Resources */ = {isa = PBXBuildFile; fileRef = 07A8A5B22F2CE9A80069014B /* Hobbies.json */; };
		07A8A5C52F2CE9A80069014B /* Manga.json in Resources */ = {isa = PBXBuildFile; fileRef = 07A8A5B32F2CE9A80069014B /* Manga.json */; };
		07A8A5C62F2CE9A80069014B /* Pokemon.json in Resources */ = {isa = PBXBuildFile; fileRef = 07A8A5B92F2CE9A80069014B /* Pokemon.json */; };
		07A8A5C72F2CE9A80069014B /* Animals.json in Resources */ = {isa = PBXBuildFile; fileRef = 07A8A5AC2F2CE9A80069014B /* Animals.json */; };
		07A8A5C82F2CE9A80069014B /* Random.json in Resources */ = {isa = PBXBuildFile; fileRef = 07A8A5BA2F2CE9A80069014B /* Random.json */; };
		07A8A5C92F2CE9A80069014B /* Computers.json in Resources */ = {isa = PBXBuildFile; fileRef = 07A8A5B02F2CE9A80069014B /* Computers.json */; };
		07A8A5CA2F2CE9A80069014B /* Categories.json in Resources */ = {isa = PBXBuildFile; fileRef = 07A8A5AE2F2CE9A80069014B /* Categories.json */; };
		07A8A5CB2F2CE9A80069014B /* SciFiFantasy.json in Resources */ = {isa = PBXBuildFile; fileRef = 07A8A5BD2F2CE9A80069014B /* SciFiFantasy.json */; };
		07A8A5CC2F2CE9A80069014B /* Celebrities.json in Resources */ = {isa = PBXBuildFile; fileRef = 07A8A5AF2F2CE9A80069014B /* Celebrities.json */; };
		07A8A5CD2F2CE9A80069014B /* Brands.json in Resources */ = {isa = PBXBuildFile; fileRef = 07A8A5AD2F2CE9A80069014B /* Brands.json */; };
		07A8A5CE2F2CE9A80069014B /* MoviesAndTV.json in Resources */ = {isa = PBXBuildFile; fileRef = 07A8A5B42F2CE9A80069014B /* MoviesAndTV.json */; };
		07A8A5CF2F2CE9A80069014B /* People.json in Resources */ = {isa = PBXBuildFile; fileRef = 07A8A5B62F2CE9A80069014B /* People.json */; };
		07A8A5D02F2CE9A80069014B /* Places.json in Resources */ = {isa = PBXBuildFile; fileRef = 07A8A5B72F2CE9A80069014B /* Places.json */; };
		07A8A5D12F2CE9A80069014B /* Sports.json in Resources */ = {isa = PBXBuildFile; fileRef = 07A8A5BE2F2CE9A80069014B /* Sports.json */; };
		07A8A5D22F2CE9A80069014B /* Science.json in Resources */ = {isa = PBXBuildFile; fileRef = 07A8A5BC2F2CE9A80069014B /* Science.json */; };
		07A8A5D32F2CE9A80069014B /* VideoGames.json in Resources */ = {isa = PBXBuildFile; fileRef = 07A8A5BF2F2CE9A80069014B /* VideoGames.json */; };
		07A8A5D42F2CE9A80069014B /* Weather.json in Resources */ = {isa = PBXBuildFile; fileRef = 07A8A5C02F2CE9A80069014B /* Weather.json */; };
		07A8A5D52F2CE9A80069014B /* Foods.json in Resources */ = {isa = PBXBuildFile; fileRef = 07A8A5B12F2CE9A80069014B /* Foods.json */; };
		07A8A5D62F2CE9A80069014B /* Music.json in Resources */ = {isa = PBXBuildFile; fileRef = 07A8A5B52F2CE9A80069014B /* Music.json */; };
		07A8A5D72F2CE9A80069014B /* School.json in Resources */ = {isa = PBXBuildFile; fileRef = 07A8A5BB2F2CE9A80069014B /* School.json */; };
		07A8A5D92F2CEA540069014B /* DataTypes.swift in Sources */ = {isa = PBXBuildFile; fileRef = 07A8A5D82F2CEA540069014B /* DataTypes.swift */; };
		07A8A5DB2F2CECAE0069014B /* LevelViewModel.swift in Sources */ = {isa = PBXBuildFile; fileRef = 07A8A5DA2F2CECAE0069014B /* LevelViewModel.swift */; };
		07A8A5DD2F2CF9730069014B /* SegmentView.swift in Sources */ = {isa = PBXBuildFile; fileRef = 07A8A5DC2F2CF9730069014B /* SegmentView.swift */; };
		07A8A5DF2F2CFBE20069014B /* LevelsView.swift in Sources */ = {isa = PBXBuildFile; fileRef = 07A8A5DE2F2CFBE20069014B /* LevelsView.swift */; };
		07A8A5E12F2CFD030069014B /* CategoriesView.swift in Sources */ = {isa = PBXBuildFile; fileRef = 07A8A5E02F2CFD030069014B /* CategoriesView.swift */; };
/* End PBXBuildFile section */

/* Begin PBXFileReference section */
		07A8A5962F2CE27A0069014B /* SwiftyWords.app */ = {isa = PBXFileReference; explicitFileType = wrapper.application; includeInIndex = 0; path = SwiftyWords.app; sourceTree = BUILT_PRODUCTS_DIR; };
		07A8A5A42F2CE9A20069014B /* Assets.xcassets */ = {isa = PBXFileReference; lastKnownFileType = folder.assetcatalog; path = Assets.xcassets; sourceTree = "<group>"; };
		07A8A5A52F2CE9A20069014B /* ContentView.swift */ = {isa = PBXFileReference; lastKnownFileType = sourcecode.swift; path = ContentView.swift; sourceTree = "<group>"; };
		07A8A5A62F2CE9A20069014B /* SwiftyWordsApp.swift */ = {isa = PBXFileReference; lastKnownFileType = sourcecode.swift; path = SwiftyWordsApp.swift; sourceTree = "<group>"; };
		07A8A5AB2F2CE9A80069014B /* Bundle-Decodable.swift */ = {isa = PBXFileReference; lastKnownFileType = sourcecode.swift; path = "Bundle-Decodable.swift"; sourceTree = "<group>"; };
		07A8A5AC2F2CE9A80069014B /* Animals.json */ = {isa = PBXFileReference; lastKnownFileType = text.json; path = Animals.json; sourceTree = "<group>"; };
		07A8A5AD2F2CE9A80069014B /* Brands.json */ = {isa = PBXFileReference; lastKnownFileType = text.json; path = Brands.json; sourceTree = "<group>"; };
		07A8A5AE2F2CE9A80069014B /* Categories.json */ = {isa = PBXFileReference; lastKnownFileType = text.json; path = Categories.json; sourceTree = "<group>"; };
		07A8A5AF2F2CE9A80069014B /* Celebrities.json */ = {isa = PBXFileReference; lastKnownFileType = text.json; path = Celebrities.json; sourceTree = "<group>"; };
		07A8A5B02F2CE9A80069014B /* Computers.json */ = {isa = PBXFileReference; lastKnownFileType = text.json; path = Computers.json; sourceTree = "<group>"; };
		07A8A5B12F2CE9A80069014B /* Foods.json */ = {isa = PBXFileReference; lastKnownFileType = text.json; path = Foods.json; sourceTree = "<group>"; };
		07A8A5B22F2CE9A80069014B /* Hobbies.json */ = {isa = PBXFileReference; lastKnownFileType = text.json; path = Hobbies.json; sourceTree = "<group>"; };
		07A8A5B32F2CE9A80069014B /* Manga.json */ = {isa = PBXFileReference; lastKnownFileType = text.json; path = Manga.json; sourceTree = "<group>"; };
		07A8A5B42F2CE9A80069014B /* MoviesAndTV.json */ = {isa = PBXFileReference; lastKnownFileType = text.json; path = MoviesAndTV.json; sourceTree = "<group>"; };
		07A8A5B52F2CE9A80069014B /* Music.json */ = {isa = PBXFileReference; lastKnownFileType = text.json; path = Music.json; sourceTree = "<group>"; };
		07A8A5B62F2CE9A80069014B /* People.json */ = {isa = PBXFileReference; lastKnownFileType = text.json; path = People.json; sourceTree = "<group>"; };
		07A8A5B72F2CE9A80069014B /* Places.json */ = {isa = PBXFileReference; lastKnownFileType = text.json; path = Places.json; sourceTree = "<group>"; };
		07A8A5B82F2CE9A80069014B /* Plants.json */ = {isa = PBXFileReference; lastKnownFileType = text.json; path = Plants.json; sourceTree = "<group>"; };
		07A8A5B92F2CE9A80069014B /* Pokemon.json */ = {isa = PBXFileReference; lastKnownFileType = text.json; path = Pokemon.json; sourceTree = "<group>"; };
		07A8A5BA2F2CE9A80069014B /* Random.json */ = {isa = PBXFileReference; lastKnownFileType = text.json; path = Random.json; sourceTree = "<group>"; };
		07A8A5BB2F2CE9A80069014B /* School.json */ = {isa = PBXFileReference; lastKnownFileType = text.json; path = School.json; sourceTree = "<group>"; };
		07A8A5BC2F2CE9A80069014B /* Science.json */ = {isa = PBXFileReference; lastKnownFileType = text.json; path = Science.json; sourceTree = "<group>"; };
		07A8A5BD2F2CE9A80069014B /* SciFiFantasy.json */ = {isa = PBXFileReference; lastKnownFileType = text.json; path = SciFiFantasy.json; sourceTree = "<group>"; };
		07A8A5BE2F2CE9A80069014B /* Sports.json */ = {isa = PBXFileReference; lastKnownFileType = text.json; path = Sports.json; sourceTree = "<group>"; };
		07A8A5BF2F2CE9A80069014B /* VideoGames.json */ = {isa = PBXFileReference; lastKnownFileType = text.json; path = VideoGames.json; sourceTree = "<group>"; };
		07A8A5C02F2CE9A80069014B /* Weather.json */ = {isa = PBXFileReference; lastKnownFileType = text.json; path = Weather.json; sourceTree = "<group>"; };
		07A8A5D82F2CEA540069014B /* DataTypes.swift */ = {isa = PBXFileReference; lastKnownFileType = sourcecode.swift; path = DataTypes.swift; sourceTree = "<group>"; };
		07A8A5DA2F2CECAE0069014B /* LevelViewModel.swift */ = {isa = PBXFileReference; lastKnownFileType = sourcecode.swift; path = LevelViewModel.swift; sourceTree = "<group>"; };
		07A8A5DC2F2CF9730069014B /* SegmentView.swift */ = {isa = PBXFileReference; lastKnownFileType = sourcecode.swift; path = SegmentView.swift; sourceTree = "<group>"; };
		07A8A5DE2F2CFBE20069014B /* LevelsView.swift */ = {isa = PBXFileReference; lastKnownFileType = sourcecode.swift; path = LevelsView.swift; sourceTree = "<group>"; };
		07A8A5E02F2CFD030069014B /* CategoriesView.swift */ = {isa = PBXFileReference; lastKnownFileType = sourcecode.swift; path = CategoriesView.swift; sourceTree = "<group>"; };
/* End PBXFileReference section */

/* Begin PBXFrameworksBuildPhase section */
		07A8A5932F2CE27A0069014B /* Frameworks */ = {
			isa = PBXFrameworksBuildPhase;
			buildActionMask = 2147483647;
			files = (
			);
			runOnlyForDeploymentPostprocessing = 0;
		};
/* End PBXFrameworksBuildPhase section */

/* Begin PBXGroup section */
		07A8A58D2F2CE27A0069014B = {
			isa = PBXGroup;
			children = (
				07A8A5A72F2CE9A20069014B /* SwiftyWords */,
				07A8A5972F2CE27A0069014B /* Products */,
			);
			sourceTree = "<group>";
		};
		07A8A5972F2CE27A0069014B /* Products */ = {
			isa = PBXGroup;
			children = (
				07A8A5962F2CE27A0069014B /* SwiftyWords.app */,
			);
			name = Products;
			sourceTree = "<group>";
		};
		07A8A5A72F2CE9A20069014B /* SwiftyWords */ = {
			isa = PBXGroup;
			children = (
				07A8A5A52F2CE9A20069014B /* ContentView.swift */,
				07A8A5E02F2CFD030069014B /* CategoriesView.swift */,
				07A8A5DE2F2CFBE20069014B /* LevelsView.swift */,
				07A8A5DC2F2CF9730069014B /* SegmentView.swift */,
				07A8A5A62F2CE9A20069014B /* SwiftyWordsApp.swift */,
				07A8A5AB2F2CE9A80069014B /* Bundle-Decodable.swift */,
				07A8A5D82F2CEA540069014B /* DataTypes.swift */,
				07A8A5DA2F2CECAE0069014B /* LevelViewModel.swift */,
				07A8A5C12F2CE9A80069014B /* Categories */,
				07A8A5A42F2CE9A20069014B /* Assets.xcassets */,
			);
			path = SwiftyWords;
			sourceTree = "<group>";
		};
		07A8A5C12F2CE9A80069014B /* Categories */ = {
			isa = PBXGroup;
			children = (
				07A8A5AC2F2CE9A80069014B /* Animals.json */,
				07A8A5AD2F2CE9A80069014B /* Brands.json */,
				07A8A5AE2F2CE9A80069014B /* Categories.json */,
				07A8A5AF2F2CE9A80069014B /* Celebrities.json */,
				07A8A5B02F2CE9A80069014B /* Computers.json */,
				07A8A5B12F2CE9A80069014B /* Foods.json */,
				07A8A5B22F2CE9A80069014B /* Hobbies.json */,
				07A8A5B32F2CE9A80069014B /* Manga.json */,
				07A8A5B42F2CE9A80069014B /* MoviesAndTV.json */,
				07A8A5B52F2CE9A80069014B /* Music.json */,
				07A8A5B62F2CE9A80069014B /* People.json */,
				07A8A5B72F2CE9A80069014B /* Places.json */,
				07A8A5B82F2CE9A80069014B /* Plants.json */,
				07A8A5B92F2CE9A80069014B /* Pokemon.json */,
				07A8A5BA2F2CE9A80069014B /* Random.json */,
				07A8A5BB2F2CE9A80069014B /* School.json */,
				07A8A5BC2F2CE9A80069014B /* Science.json */,
				07A8A5BD2F2CE9A80069014B /* SciFiFantasy.json */,
				07A8A5BE2F2CE9A80069014B /* Sports.json */,
				07A8A5BF2F2CE9A80069014B /* VideoGames.json */,
				07A8A5C02F2CE9A80069014B /* Weather.json */,
			);
			path = Categories;
			sourceTree = "<group>";
		};
/* End PBXGroup section */

/* Begin PBXNativeTarget section */
		07A8A5952F2CE27A0069014B /* SwiftyWords */ = {
			isa = PBXNativeTarget;
			buildConfigurationList = 07A8A5A12F2CE27C0069014B /* Build configuration list for PBXNativeTarget "SwiftyWords" */;
			buildPhases = (
				07A8A5922F2CE27A0069014B /* Sources */,
				07A8A5932F2CE27A0069014B /* Frameworks */,
				07A8A5942F2CE27A0069014B /* Resources */,
			);
			buildRules = (
			);
			dependencies = (
			);
			name = SwiftyWords;
			packageProductDependencies = (
			);
			productName = SwiftyWords;
			productReference = 07A8A5962F2CE27A0069014B /* SwiftyWords.app */;
			productType = "com.apple.product-type.application";
		};
/* End PBXNativeTarget section */

/* Begin PBXProject section */
		07A8A58E2F2CE27A0069014B /* Project object */ = {
			isa = PBXProject;
			attributes = {
				BuildIndependentTargetsInParallel = 1;
				LastSwiftUpdateCheck = 2620;
				LastUpgradeCheck = 2620;
				TargetAttributes = {
					07A8A5952F2CE27A0069014B = {
						CreatedOnToolsVersion = 26.2;
					};
				};
			};
			buildConfigurationList = 07A8A5912F2CE27A0069014B /* Build configuration list for PBXProject "SwiftyWords" */;
			developmentRegion = en;
			hasScannedForEncodings = 0;
			knownRegions = (
				en,
				Base,
			);
			mainGroup = 07A8A58D2F2CE27A0069014B;
			minimizedProjectReferenceProxies = 1;
			preferredProjectObjectVersion = 77;
			productRefGroup = 07A8A5972F2CE27A0069014B /* Products */;
			projectDirPath = "";
			projectRoot = "";
			targets = (
				07A8A5952F2CE27A0069014B /* SwiftyWords */,
			);
		};
/* End PBXProject section */

/* Begin PBXResourcesBuildPhase section */
		07A8A5942F2CE27A0069014B /* Resources */ = {
			isa = PBXResourcesBuildPhase;
			buildActionMask = 2147483647;
			files = (
				07A8A5C32F2CE9A80069014B /* Plants.json in Resources */,
				07A8A5C42F2CE9A80069014B /* Hobbies.json in Resources */,
				07A8A5C52F2CE9A80069014B /* Manga.json in Resources */,
				07A8A5C62F2CE9A80069014B /* Pokemon.json in Resources */,
				07A8A5C72F2CE9A80069014B /* Animals.json in Resources */,
				07A8A5C82F2CE9A80069014B /* Random.json in Resources */,
				07A8A5C92F2CE9A80069014B /* Computers.json in Resources */,
				07A8A5CA2F2CE9A80069014B /* Categories.json in Resources */,
				07A8A5CB2F2CE9A80069014B /* SciFiFantasy.json in Resources */,
				07A8A5CC2F2CE9A80069014B /* Celebrities.json in Resources */,
				07A8A5CD2F2CE9A80069014B /* Brands.json in Resources */,
				07A8A5CE2F2CE9A80069014B /* MoviesAndTV.json in Resources */,
				07A8A5CF2F2CE9A80069014B /* People.json in Resources */,
				07A8A5D02F2CE9A80069014B /* Places.json in Resources */,
				07A8A5D12F2CE9A80069014B /* Sports.json in Resources */,
				07A8A5D22F2CE9A80069014B /* Science.json in Resources */,
				07A8A5D32F2CE9A80069014B /* VideoGames.json in Resources */,
				07A8A5D42F2CE9A80069014B /* Weather.json in Resources */,
				07A8A5D52F2CE9A80069014B /* Foods.json in Resources */,
				07A8A5D62F2CE9A80069014B /* Music.json in Resources */,
				07A8A5D72F2CE9A80069014B /* School.json in Resources */,
				07A8A5AA2F2CE9A20069014B /* Assets.xcassets in Resources */,
			);
			runOnlyForDeploymentPostprocessing = 0;
		};
/* End PBXResourcesBuildPhase section */

/* Begin PBXSourcesBuildPhase section */
		07A8A5922F2CE27A0069014B /* Sources */ = {
			isa = PBXSourcesBuildPhase;
			buildActionMask = 2147483647;
			files = (
				07A8A5E12F2CFD030069014B /* CategoriesView.swift in Sources */,
				07A8A5A82F2CE9A20069014B /* ContentView.swift in Sources */,
				07A8A5D92F2CEA540069014B /* DataTypes.swift in Sources */,
				07A8A5DB2F2CECAE0069014B /* LevelViewModel.swift in Sources */,
				07A8A5A92F2CE9A20069014B /* SwiftyWordsApp.swift in Sources */,
				07A8A5DF2F2CFBE20069014B /* LevelsView.swift in Sources */,
				07A8A5DD2F2CF9730069014B /* SegmentView.swift in Sources */,
				07A8A5C22F2CE9A80069014B /* Bundle-Decodable.swift in Sources */,
			);
			runOnlyForDeploymentPostprocessing = 0;
		};
/* End PBXSourcesBuildPhase section */

/* Begin XCBuildConfiguration section */
		07A8A59F2F2CE27C0069014B /* Debug */ = {
			isa = XCBuildConfiguration;
			buildSettings = {
				ALWAYS_SEARCH_USER_PATHS = NO;
				ASSETCATALOG_COMPILER_GENERATE_SWIFT_ASSET_SYMBOL_EXTENSIONS = YES;
				CLANG_ANALYZER_NONNULL = YES;
				CLANG_ANALYZER_NUMBER_OBJECT_CONVERSION = YES_AGGRESSIVE;
				CLANG_CXX_LANGUAGE_STANDARD = "gnu++20";
				CLANG_ENABLE_MODULES = YES;
				CLANG_ENABLE_OBJC_ARC = YES;
				CLANG_ENABLE_OBJC_WEAK = YES;
				CLANG_WARN_BLOCK_CAPTURE_AUTORELEASING = YES;
				CLANG_WARN_BOOL_CONVERSION = YES;
				CLANG_WARN_COMMA = YES;
				CLANG_WARN_CONSTANT_CONVERSION = YES;
				CLANG_WARN_DEPRECATED_OBJC_IMPLEMENTATIONS = YES;
				CLANG_WARN_DIRECT_OBJC_ISA_USAGE = YES_ERROR;
				CLANG_WARN_DOCUMENTATION_COMMENTS = YES;
				CLANG_WARN_EMPTY_BODY = YES;
				CLANG_WARN_ENUM_CONVERSION = YES;
				CLANG_WARN_INFINITE_RECURSION = YES;
				CLANG_WARN_INT_CONVERSION = YES;
				CLANG_WARN_NON_LITERAL_NULL_CONVERSION = YES;
				CLANG_WARN_OBJC_IMPLICIT_RETAIN_SELF = YES;
				CLANG_WARN_OBJC_LITERAL_CONVERSION = YES;
				CLANG_WARN_OBJC_ROOT_CLASS = YES_ERROR;
				CLANG_WARN_QUOTED_INCLUDE_IN_FRAMEWORK_HEADER = YES;
				CLANG_WARN_RANGE_LOOP_ANALYSIS = YES;
				CLANG_WARN_STRICT_PROTOTYPES = YES;
				CLANG_WARN_SUSPICIOUS_MOVE = YES;
				CLANG_WARN_UNGUARDED_AVAILABILITY = YES_AGGRESSIVE;
				CLANG_WARN_UNREACHABLE_CODE = YES;
				CLANG_WARN__DUPLICATE_METHOD_MATCH = YES;
				COPY_PHASE_STRIP = NO;
				DEBUG_INFORMATION_FORMAT = dwarf;
				DEVELOPMENT_TEAM = H7MDDDPC4H;
				ENABLE_STRICT_OBJC_MSGSEND = YES;
				ENABLE_TESTABILITY = YES;
				ENABLE_USER_SCRIPT_SANDBOXING = YES;
				GCC_C_LANGUAGE_STANDARD = gnu17;
				GCC_DYNAMIC_NO_PIC = NO;
				GCC_NO_COMMON_BLOCKS = YES;
				GCC_OPTIMIZATION_LEVEL = 0;
				GCC_PREPROCESSOR_DEFINITIONS = (
					"DEBUG=1",
					"$(inherited)",
				);
				GCC_WARN_64_TO_32_BIT_CONVERSION = YES;
				GCC_WARN_ABOUT_RETURN_TYPE = YES_ERROR;
				GCC_WARN_UNDECLARED_SELECTOR = YES;
				GCC_WARN_UNINITIALIZED_AUTOS = YES_AGGRESSIVE;
				GCC_WARN_UNUSED_FUNCTION = YES;
				GCC_WARN_UNUSED_VARIABLE = YES;
				IPHONEOS_DEPLOYMENT_TARGET = 26.2;
				LOCALIZATION_PREFERS_STRING_CATALOGS = YES;
				MTL_ENABLE_DEBUG_INFO = INCLUDE_SOURCE;
				MTL_FAST_MATH = YES;
				ONLY_ACTIVE_ARCH = YES;
				SDKROOT = iphoneos;
				SWIFT_ACTIVE_COMPILATION_CONDITIONS = "DEBUG $(inherited)";
				SWIFT_OPTIMIZATION_LEVEL = "-Onone";
			};
			name = Debug;
		};
		07A8A5A02F2CE27C0069014B /* Release */ = {
			isa = XCBuildConfiguration;
			buildSettings = {
				ALWAYS_SEARCH_USER_PATHS = NO;
				ASSETCATALOG_COMPILER_GENERATE_SWIFT_ASSET_SYMBOL_EXTENSIONS = YES;
				CLANG_ANALYZER_NONNULL = YES;
				CLANG_ANALYZER_NUMBER_OBJECT_CONVERSION = YES_AGGRESSIVE;
				CLANG_CXX_LANGUAGE_STANDARD = "gnu++20";
				CLANG_ENABLE_MODULES = YES;
				CLANG_ENABLE_OBJC_ARC = YES;
				CLANG_ENABLE_OBJC_WEAK = YES;
				CLANG_WARN_BLOCK_CAPTURE_AUTORELEASING = YES;
				CLANG_WARN_BOOL_CONVERSION = YES;
				CLANG_WARN_COMMA = YES;
				CLANG_WARN_CONSTANT_CONVERSION = YES;
				CLANG_WARN_DEPRECATED_OBJC_IMPLEMENTATIONS = YES;
				CLANG_WARN_DIRECT_OBJC_ISA_USAGE = YES_ERROR;
				CLANG_WARN_DOCUMENTATION_COMMENTS = YES;
				CLANG_WARN_EMPTY_BODY = YES;
				CLANG_WARN_ENUM_CONVERSION = YES;
				CLANG_WARN_INFINITE_RECURSION = YES;
				CLANG_WARN_INT_CONVERSION = YES;
				CLANG_WARN_NON_LITERAL_NULL_CONVERSION = YES;
				CLANG_WARN_OBJC_IMPLICIT_RETAIN_SELF = YES;
				CLANG_WARN_OBJC_LITERAL_CONVERSION = YES;
				CLANG_WARN_OBJC_ROOT_CLASS = YES_ERROR;
				CLANG_WARN_QUOTED_INCLUDE_IN_FRAMEWORK_HEADER = YES;
				CLANG_WARN_RANGE_LOOP_ANALYSIS = YES;
				CLANG_WARN_STRICT_PROTOTYPES = YES;
				CLANG_WARN_SUSPICIOUS_MOVE = YES;
				CLANG_WARN_UNGUARDED_AVAILABILITY = YES_AGGRESSIVE;
				CLANG_WARN_UNREACHABLE_CODE = YES;
				CLANG_WARN__DUPLICATE_METHOD_MATCH = YES;
				COPY_PHASE_STRIP = NO;
				DEBUG_INFORMATION_FORMAT = "dwarf-with-dsym";
				DEVELOPMENT_TEAM = H7MDDDPC4H;
				ENABLE_NS_ASSERTIONS = NO;
				ENABLE_STRICT_OBJC_MSGSEND = YES;
				ENABLE_USER_SCRIPT_SANDBOXING = YES;
				GCC_C_LANGUAGE_STANDARD = gnu17;
				GCC_NO_COMMON_BLOCKS = YES;
				GCC_WARN_64_TO_32_BIT_CONVERSION = YES;
				GCC_WARN_ABOUT_RETURN_TYPE = YES_ERROR;
				GCC_WARN_UNDECLARED_SELECTOR = YES;
				GCC_WARN_UNINITIALIZED_AUTOS = YES_AGGRESSIVE;
				GCC_WARN_UNUSED_FUNCTION = YES;
				GCC_WARN_UNUSED_VARIABLE = YES;
				IPHONEOS_DEPLOYMENT_TARGET = 26.2;
				LOCALIZATION_PREFERS_STRING_CATALOGS = YES;
				MTL_ENABLE_DEBUG_INFO = NO;
				MTL_FAST_MATH = YES;
				SDKROOT = iphoneos;
				SWIFT_COMPILATION_MODE = wholemodule;
				VALIDATE_PRODUCT = YES;
			};
			name = Release;
		};
		07A8A5A22F2CE27C0069014B /* Debug */ = {
			isa = XCBuildConfiguration;
			buildSettings = {
				ASSETCATALOG_COMPILER_APPICON_NAME = AppIcon;
				ASSETCATALOG_COMPILER_GLOBAL_ACCENT_COLOR_NAME = AccentColor;
				CODE_SIGN_STYLE = Automatic;
				CURRENT_PROJECT_VERSION = 1;
				DEVELOPMENT_TEAM = H7MDDDPC4H;
				ENABLE_PREVIEWS = YES;
				GENERATE_INFOPLIST_FILE = YES;
				INFOPLIST_KEY_UIApplicationSceneManifest_Generation = YES;
				INFOPLIST_KEY_UIApplicationSupportsIndirectInputEvents = YES;
				INFOPLIST_KEY_UILaunchScreen_Generation = YES;
				INFOPLIST_KEY_UISupportedInterfaceOrientations_iPad = "UIInterfaceOrientationPortrait UIInterfaceOrientationPortraitUpsideDown UIInterfaceOrientationLandscapeLeft UIInterfaceOrientationLandscapeRight";
				INFOPLIST_KEY_UISupportedInterfaceOrientations_iPhone = "UIInterfaceOrientationPortrait UIInterfaceOrientationLandscapeLeft UIInterfaceOrientationLandscapeRight";
				LD_RUNPATH_SEARCH_PATHS = (
					"$(inherited)",
					"@executable_path/Frameworks",
				);
				MARKETING_VERSION = 1.0;
				PRODUCT_BUNDLE_IDENTIFIER = com.eric.SwiftyWords;
				PRODUCT_NAME = "$(TARGET_NAME)";
				STRING_CATALOG_GENERATE_SYMBOLS = YES;
				SWIFT_APPROACHABLE_CONCURRENCY = YES;
				SWIFT_DEFAULT_ACTOR_ISOLATION = MainActor;
				SWIFT_EMIT_LOC_STRINGS = YES;
				SWIFT_UPCOMING_FEATURE_MEMBER_IMPORT_VISIBILITY = NO;
				SWIFT_VERSION = 5.0;
				TARGETED_DEVICE_FAMILY = "1,2";
			};
			name = Debug;
		};
		07A8A5A32F2CE27C0069014B /* Release */ = {
			isa = XCBuildConfiguration;
			buildSettings = {
				ASSETCATALOG_COMPILER_APPICON_NAME = AppIcon;
				ASSETCATALOG_COMPILER_GLOBAL_ACCENT_COLOR_NAME = AccentColor;
				CODE_SIGN_STYLE = Automatic;
				CURRENT_PROJECT_VERSION = 1;
				DEVELOPMENT_TEAM = H7MDDDPC4H;
				ENABLE_PREVIEWS = YES;
				GENERATE_INFOPLIST_FILE = YES;
				INFOPLIST_KEY_UIApplicationSceneManifest_Generation = YES;
				INFOPLIST_KEY_UIApplicationSupportsIndirectInputEvents = YES;
				INFOPLIST_KEY_UILaunchScreen_Generation = YES;
				INFOPLIST_KEY_UISupportedInterfaceOrientations_iPad = "UIInterfaceOrientationPortrait UIInterfaceOrientationPortraitUpsideDown UIInterfaceOrientationLandscapeLeft UIInterfaceOrientationLandscapeRight";
				INFOPLIST_KEY_UISupportedInterfaceOrientations_iPhone = "UIInterfaceOrientationPortrait UIInterfaceOrientationLandscapeLeft UIInterfaceOrientationLandscapeRight";
				LD_RUNPATH_SEARCH_PATHS = (
					"$(inherited)",
					"@executable_path/Frameworks",
				);
				MARKETING_VERSION = 1.0;
				PRODUCT_BUNDLE_IDENTIFIER = com.eric.SwiftyWords;
				PRODUCT_NAME = "$(TARGET_NAME)";
				STRING_CATALOG_GENERATE_SYMBOLS = YES;
				SWIFT_APPROACHABLE_CONCURRENCY = YES;
				SWIFT_DEFAULT_ACTOR_ISOLATION = MainActor;
				SWIFT_EMIT_LOC_STRINGS = YES;
				SWIFT_UPCOMING_FEATURE_MEMBER_IMPORT_VISIBILITY = NO;
				SWIFT_VERSION = 5.0;
				TARGETED_DEVICE_FAMILY = "1,2";
			};
			name = Release;
		};
/* End XCBuildConfiguration section */

/* Begin XCConfigurationList section */
		07A8A5912F2CE27A0069014B /* Build configuration list for PBXProject "SwiftyWords" */ = {
			isa = XCConfigurationList;
			buildConfigurations = (
				07A8A59F2F2CE27C0069014B /* Debug */,
				07A8A5A02F2CE27C0069014B /* Release */,
			);
			defaultConfigurationIsVisible = 0;
			defaultConfigurationName = Release;
		};
		07A8A5A12F2CE27C0069014B /* Build configuration list for PBXNativeTarget "SwiftyWords" */ = {
			isa = XCConfigurationList;
			buildConfigurations = (
				07A8A5A22F2CE27C0069014B /* Debug */,
				07A8A5A32F2CE27C0069014B /* Release */,
			);
			defaultConfigurationIsVisible = 0;
			defaultConfigurationName = Release;
		};
/* End XCConfigurationList section */
	};
	rootObject = 07A8A58E2F2CE27A0069014B /* Project object */;
}
